
Microsoft Visual Studio Solution File, Format Version 12.00
# Visual Studio 15
VisualStudioVersion = 15.0.28307.902
MinimumVisualStudioVersion = 10.0.40219.1
Project("{FAE04EC0-301F-11D3-BF4B-00C04F79EFBC}") = "MembershipTest", "MembershipTest\MembershipTest.csproj", "{BDD417D7-5A78-4F60-BCE2-314964EA8E7D}"
EndProject
Global
	GlobalSection(SolutionConfigurationPlatforms) = preSolution
		Debug|Any CPU = Debug|Any CPU
		Release|Any CPU = Release|Any CPU
	EndGlobalSection
	GlobalSection(ProjectConfigurationPlatforms) = postSolution
		{BDD417D7-5A78-4F60-BCE2-314964EA8E7D}.Debug|Any CPU.ActiveCfg = Debug|Any CPU
		{BDD417D7-5A78-4F60-BCE2-314964EA8E7D}.Debug|Any CPU.Build.0 = Debug|Any CPU
		{BDD417D7-5A78-4F60-BCE2-314964EA8E7D}.Release|Any CPU.ActiveCfg = Release|Any CPU
		{BDD417D7-5A78-4F60-BCE2-314964EA8E7D}.Release|Any CPU.Build.0 = Release|Any CPU
	EndGlobalSection
	GlobalSection(SolutionProperties) = preSolution
		HideSolutionNode = FALSE
	EndGlobalSection
	GlobalSection(ExtensibilityGlobals) = postSolution
		SolutionGuid = {EFB1DB60-BE68-4545-9ADE-5D2F5A227D92}
	EndGlobalSection
EndGlobal
